
Microsoft Visual Studio Solution File, Format Version 12.00
# Visual Studio Version 16
VisualStudioVersion = 16.0.31112.23
MinimumVisualStudioVersion = 10.0.40219.1
Project("{F184B08F-C81C-45F6-A57F-5ABD9991F28F}") = "Loruki", "Loruki.vbproj", "{F4EAB8C3-635B-454C-83B0-7A2F45E7E547}"
EndProject
Global
	GlobalSection(SolutionConfigurationPlatforms) = preSolution
		Debug|Any CPU = Debug|Any CPU
		Release|Any CPU = Release|Any CPU
	EndGlobalSection
	GlobalSection(ProjectConfigurationPlatforms) = postSolution
		{F4EAB8C3-635B-454C-83B0-7A2F45E7E547}.Debug|Any CPU.ActiveCfg = Debug|Any CPU
		{F4EAB8C3-635B-454C-83B0-7A2F45E7E547}.Debug|Any CPU.Build.0 = Debug|Any CPU
		{F4EAB8C3-635B-454C-83B0-7A2F45E7E547}.Release|Any CPU.ActiveCfg = Release|Any CPU
		{F4EAB8C3-635B-454C-83B0-7A2F45E7E547}.Release|Any CPU.Build.0 = Release|Any CPU
	EndGlobalSection
	GlobalSection(SolutionProperties) = preSolution
		HideSolutionNode = FALSE
	EndGlobalSection
	GlobalSection(ExtensibilityGlobals) = postSolution
		SolutionGuid = {818F3D99-1547-453B-AA76-D628A65C16FD}
	EndGlobalSection
EndGlobal
